
Microsoft Visual Studio Solution File, Format Version 12.00
# Visual Studio Version 17
VisualStudioVersion = 17.5.002.0
MinimumVisualStudioVersion = 10.0.40219.1
Project("{9A19103F-16F7-4668-BE54-9A1E7A4F7556}") = "Bluetooth", "Bluetooth.csproj", "{21257539-AFC9-4F9A-BD30-B3029F2C36F6}"
EndProject
Global
	GlobalSection(SolutionConfigurationPlatforms) = preSolution
		Debug|Any CPU = Debug|Any CPU
		Release|Any CPU = Release|Any CPU
	EndGlobalSection
	GlobalSection(ProjectConfigurationPlatforms) = postSolution
		{21257539-AFC9-4F9A-BD30-B3029F2C36F6}.Debug|Any CPU.ActiveCfg = Debug|Any CPU
		{21257539-AFC9-4F9A-BD30-B3029F2C36F6}.Debug|Any CPU.Build.0 = Debug|Any CPU
		{21257539-AFC9-4F9A-BD30-B3029F2C36F6}.Release|Any CPU.ActiveCfg = Release|Any CPU
		{21257539-AFC9-4F9A-BD30-B3029F2C36F6}.Release|Any CPU.Build.0 = Release|Any CPU
	EndGlobalSection
	GlobalSection(SolutionProperties) = preSolution
		HideSolutionNode = FALSE
	EndGlobalSection
	GlobalSection(ExtensibilityGlobals) = postSolution
		SolutionGuid = {BDC7C736-894C-4E4F-8F46-8A7CCA3FCB69}
	EndGlobalSection
EndGlobal
